// !$*UTF8*$!
{
	archiveVersion = 1;
	classes = {
	};
	objectVersion = 46;
	objects = {

/* Begin PBXBuildFile section */
		2FF9A40B1E25E69C00F668ED /* AppDelegate.swift in Sources */ = {isa = PBXBuildFile; fileRef = 2FF9A40A1E25E69C00F668ED /* AppDelegate.swift */; };
		2FF9A40D1E25E69C00F668ED /* ViewController.swift in Sources */ = {isa = PBXBuildFile; fileRef = 2FF9A40C1E25E69C00F668ED /* ViewController.swift */; };
		2FF9A4101E25E69C00F668ED /* Main.storyboard in Resources */ = {isa = PBXBuildFile; fileRef = 2FF9A40E1E25E69C00F668ED /* Main.storyboard */; };
		2FF9A4121E25E69C00F668ED /* Assets.xcassets in Resources */ = {isa = PBXBuildFile; fileRef = 2FF9A4111E25E69C00F668ED /* Assets.xcassets */; };
		2FF9A4151E25E69C00F668ED /* LaunchScreen.storyboard in Resources */ = {isa = PBXBuildFile; fileRef = 2FF9A4131E25E69C00F668ED /* LaunchScreen.storyboard */; };
		2FF9A4201E25E69C00F668ED /* CalculatorTests.swift in Sources */ = {isa = PBXBuildFile; fileRef = 2FF9A41F1E25E69C00F668ED /* CalculatorTests.swift */; };
		2FF9A42B1E25E69C00F668ED /* CalculatorUITests.swift in Sources */ = {isa = PBXBuildFile; fileRef = 2FF9A42A1E25E69C00F668ED /* CalculatorUITests.swift */; };
/* End PBXBuildFile section */

/* Begin PBXContainerItemProxy section */
		2FF9A41C1E25E69C00F668ED /* PBXContainerItemProxy */ = {
			isa = PBXContainerItemProxy;
			containerPortal = 2FF9A3FF1E25E69C00F668ED /* Project object */;
			proxyType = 1;
			remoteGlobalIDString = 2FF9A4061E25E69C00F668ED;
			remoteInfo = Calculator;
		};
		2FF9A4271E25E69C00F668ED /* PBXContainerItemProxy */ = {
			isa = PBXContainerItemProxy;
			containerPortal = 2FF9A3FF1E25E69C00F668ED /* Project object */;
			proxyType = 1;
			remoteGlobalIDString = 2FF9A4061E25E69C00F668ED;
			remoteInfo = Calculator;
		};
/* End PBXContainerItemProxy section */

/* Begin PBXFileReference section */
		2FF9A4071E25E69C00F668ED /* Calculator.app */ = {isa = PBXFileReference; explicitFileType = wrapper.application; includeInIndex = 0; path = Calculator.app; sourceTree = BUILT_PRODUCTS_DIR; };
		2FF9A40A1E25E69C00F668ED /* AppDelegate.swift */ = {isa = PBXFileReference; lastKnownFileType = sourcecode.swift; path = AppDelegate.swift; sourceTree = "<group>"; };
		2FF9A40C1E25E69C00F668ED /* ViewController.swift */ = {isa = PBXFileReference; lastKnownFileType = sourcecode.swift; path = ViewController.swift; sourceTree = "<group>"; };
		2FF9A40F1E25E69C00F668ED /* Base */ = {isa = PBXFileReference; lastKnownFileType = file.storyboard; name = Base; path = Base.lproj/Main.storyboard; sourceTree = "<group>"; };
		2FF9A4111E25E69C00F668ED /* Assets.xcassets */ = {isa = PBXFileReference; lastKnownFileType = folder.assetcatalog; path = Assets.xcassets; sourceTree = "<group>"; };
		2FF9A4141E25E69C00F668ED /* Base */ = {isa = PBXFileReference; lastKnownFileType = file.storyboard; name = Base; path = Base.lproj/LaunchScreen.storyboard; sourceTree = "<group>"; };
		2FF9A4161E25E69C00F668ED /* Info.plist */ = {isa = PBXFileReference; lastKnownFileType = text.plist.xml; path = Info.plist; sourceTree = "<group>"; };
		2FF9A41B1E25E69C00F668ED /* CalculatorTests.xctest */ = {isa = PBXFileReference; explicitFileType = wrapper.cfbundle; includeInIndex = 0; path = CalculatorTests.xctest; sourceTree = BUILT_PRODUCTS_DIR; };
		2FF9A41F1E25E69C00F668ED /* CalculatorTests.swift */ = {isa = PBXFileReference; lastKnownFileType = sourcecode.swift; path = CalculatorTests.swift; sourceTree = "<group>"; };
		2FF9A4211E25E69C00F668ED /* Info.plist */ = {isa = PBXFileReference; lastKnownFileType = text.plist.xml; path = Info.plist; sourceTree = "<group>"; };
		2FF9A4261E25E69C00F668ED /* CalculatorUITests.xctest */ = {isa = PBXFileReference; explicitFileType = wrapper.cfbundle; includeInIndex = 0; path = CalculatorUITests.xctest; sourceTree = BUILT_PRODUCTS_DIR; };
		2FF9A42A1E25E69C00F668ED /* CalculatorUITests.swift */ = {isa = PBXFileReference; lastKnownFileType = sourcecode.swift; path = CalculatorUITests.swift; sourceTree = "<group>"; };
		2FF9A42C1E25E69C00F668ED /* Info.plist */ = {isa = PBXFileReference; lastKnownFileType = text.plist.xml; path = Info.plist; sourceTree = "<group>"; };
/* End PBXFileReference section */

/* Begin PBXFrameworksBuildPhase section */
		2FF9A4041E25E69C00F668ED /* Frameworks */ = {
			isa = PBXFrameworksBuildPhase;
			buildActionMask = 2147483647;
			files = (
			);
			runOnlyForDeploymentPostprocessing = 0;
		};
		2FF9A4181E25E69C00F668ED /* Frameworks */ = {
			isa = PBXFrameworksBuildPhase;
			buildActionMask = 2147483647;
			files = (
			);
			runOnlyForDeploymentPostprocessing = 0;
		};
		2FF9A4231E25E69C00F668ED /* Frameworks */ = {
			isa = PBXFrameworksBuildPhase;
			buildActionMask = 2147483647;
			files = (
			);
			runOnlyForDeploymentPostprocessing = 0;
		};
/* End PBXFrameworksBuildPhase section */

/* Begin PBXGroup section */
		2FF9A3FE1E25E69C00F668ED = {
			isa = PBXGroup;
			children = (
				2FF9A4091E25E69C00F668ED /* Calculator */,
				2FF9A41E1E25E69C00F668ED /* CalculatorTests */,
				2FF9A4291E25E69C00F668ED /* CalculatorUITests */,
				2FF9A4081E25E69C00F668ED /* Products */,
			);
			sourceTree = "<group>";
		};
		2FF9A4081E25E69C00F668ED /* Products */ = {
			isa = PBXGroup;
			children = (
				2FF9A4071E25E69C00F668ED /* Calculator.app */,
				2FF9A41B1E25E69C00F668ED /* CalculatorTests.xctest */,
				2FF9A4261E25E69C00F668ED /* CalculatorUITests.xctest */,
			);
			name = Products;
			sourceTree = "<group>";
		};
		2FF9A4091E25E69C00F668ED /* Calculator */ = {
			isa = PBXGroup;
			children = (
				2FF9A40A1E25E69C00F668ED /* AppDelegate.swift */,
				2FF9A40C1E25E69C00F668ED /* ViewController.swift */,
				2FF9A40E1E25E69C00F668ED /* Main.storyboard */,
				2FF9A4111E25E69C00F668ED /* Assets.xcassets */,
				2FF9A4131E25E69C00F668ED /* LaunchScreen.storyboard */,
				2FF9A4161E25E69C00F668ED /* Info.plist */,
			);
			path = Calculator;
			sourceTree = "<group>";
		};
		2FF9A41E1E25E69C00F668ED /* CalculatorTests */ = {
			isa = PBXGroup;
			children = (
				2FF9A41F1E25E69C00F668ED /* CalculatorTests.swift */,
				2FF9A4211E25E69C00F668ED /* Info.plist */,
			);
			path = CalculatorTests;
			sourceTree = "<group>";
		};
		2FF9A4291E25E69C00F668ED /* CalculatorUITests */ = {
			isa = PBXGroup;
			children = (
				2FF9A42A1E25E69C00F668ED /* CalculatorUITests.swift */,
				2FF9A42C1E25E69C00F668ED /* Info.plist */,
			);
			path = CalculatorUITests;
			sourceTree = "<group>";
		};
/* End PBXGroup section */

/* Begin PBXNativeTarget section */
		2FF9A4061E25E69C00F668ED /* Calculator */ = {
			isa = PBXNativeTarget;
			buildConfigurationList = 2FF9A42F1E25E69C00F668ED /* Build configuration list for PBXNativeTarget "Calculator" */;
			buildPhases = (
				2FF9A4031E25E69C00F668ED /* Sources */,
				2FF9A4041E25E69C00F668ED /* Frameworks */,
				2FF9A4051E25E69C00F668ED /* Resources */,
			);
			buildRules = (
			);
			dependencies = (
			);
			name = Calculator;
			productName = Calculator;
			productReference = 2FF9A4071E25E69C00F668ED /* Calculator.app */;
			productType = "com.apple.product-type.application";
		};
		2FF9A41A1E25E69C00F668ED /* CalculatorTests */ = {
			isa = PBXNativeTarget;
			buildConfigurationList = 2FF9A4321E25E69C00F668ED /* Build configuration list for PBXNativeTarget "CalculatorTests" */;
			buildPhases = (
				2FF9A4171E25E69C00F668ED /* Sources */,
				2FF9A4181E25E69C00F668ED /* Frameworks */,
				2FF9A4191E25E69C00F668ED /* Resources */,
			);
			buildRules = (
			);
			dependencies = (
				2FF9A41D1E25E69C00F668ED /* PBXTargetDependency */,
			);
			name = CalculatorTests;
			productName = CalculatorTests;
			productReference = 2FF9A41B1E25E69C00F668ED /* CalculatorTests.xctest */;
			productType = "com.apple.product-type.bundle.unit-test";
		};
		2FF9A4251E25E69C00F668ED /* CalculatorUITests */ = {
			isa = PBXNativeTarget;
			buildConfigurationList = 2FF9A4351E25E69C00F668ED /* Build configuration list for PBXNativeTarget "CalculatorUITests" */;
			buildPhases = (
				2FF9A4221E25E69C00F668ED /* Sources */,
				2FF9A4231E25E69C00F668ED /* Frameworks */,
				2FF9A4241E25E69C00F668ED /* Resources */,
			);
			buildRules = (
			);
			dependencies = (
				2FF9A4281E25E69C00F668ED /* PBXTargetDependency */,
			);
			name = CalculatorUITests;
			productName = CalculatorUITests;
			productReference = 2FF9A4261E25E69C00F668ED /* CalculatorUITests.xctest */;
			productType = "com.apple.product-type.bundle.ui-testing";
		};
/* End PBXNativeTarget section */

/* Begin PBXProject section */
		2FF9A3FF1E25E69C00F668ED /* Project object */ = {
			isa = PBXProject;
			attributes = {
				LastSwiftUpdateCheck = 0710;
				LastUpgradeCheck = 0710;
				ORGANIZATIONNAME = "Tyler Wagner";
				TargetAttributes = {
					2FF9A4061E25E69C00F668ED = {
						CreatedOnToolsVersion = 7.1;
					};
					2FF9A41A1E25E69C00F668ED = {
						CreatedOnToolsVersion = 7.1;
						TestTargetID = 2FF9A4061E25E69C00F668ED;
					};
					2FF9A4251E25E69C00F668ED = {
						CreatedOnToolsVersion = 7.1;
						TestTargetID = 2FF9A4061E25E69C00F668ED;
					};
				};
			};
			buildConfigurationList = 2FF9A4021E25E69C00F668ED /* Build configuration list for PBXProject "Calculator" */;
			compatibilityVersion = "Xcode 3.2";
			developmentRegion = English;
			hasScannedForEncodings = 0;
			knownRegions = (
				en,
				Base,
			);
			mainGroup = 2FF9A3FE1E25E69C00F668ED;
			productRefGroup = 2FF9A4081E25E69C00F668ED /* Products */;
			projectDirPath = "";
			projectRoot = "";
			targets = (
				2FF9A4061E25E69C00F668ED /* Calculator */,
				2FF9A41A1E25E69C00F668ED /* CalculatorTests */,
				2FF9A4251E25E69C00F668ED /* CalculatorUITests */,
			);
		};
/* End PBXProject section */

/* Begin PBXResourcesBuildPhase section */
		2FF9A4051E25E69C00F668ED /* Resources */ = {
			isa = PBXResourcesBuildPhase;
			buildActionMask = 2147483647;
			files = (
				2FF9A4151E25E69C00F668ED /* LaunchScreen.storyboard in Resources */,
				2FF9A4121E25E69C00F668ED /* Assets.xcassets in Resources */,
				2FF9A4101E25E69C00F668ED /* Main.storyboard in Resources */,
			);
			runOnlyForDeploymentPostprocessing = 0;
		};
		2FF9A4191E25E69C00F668ED /* Resources */ = {
			isa = PBXResourcesBuildPhase;
			buildActionMask = 2147483647;
			files = (
			);
			runOnlyForDeploymentPostprocessing = 0;
		};
		2FF9A4241E25E69C00F668ED /* Resources */ = {
			isa = PBXResourcesBuildPhase;
			buildActionMask = 2147483647;
			files = (
			);
			runOnlyForDeploymentPostprocessing = 0;
		};
/* End PBXResourcesBuildPhase section */

/* Begin PBXSourcesBuildPhase section */
		2FF9A4031E25E69C00F668ED /* Sources */ = {
			isa = PBXSourcesBuildPhase;
			buildActionMask = 2147483647;
			files = (
				2FF9A40D1E25E69C00F668ED /* ViewController.swift in Sources */,
				2FF9A40B1E25E69C00F668ED /* AppDelegate.swift in Sources */,
			);
			runOnlyForDeploymentPostprocessing = 0;
		};
		2FF9A4171E25E69C00F668ED /* Sources */ = {
			isa = PBXSourcesBuildPhase;
			buildActionMask = 2147483647;
			files = (
				2FF9A4201E25E69C00F668ED /* CalculatorTests.swift in Sources */,
			);
			runOnlyForDeploymentPostprocessing = 0;
		};
		2FF9A4221E25E69C00F668ED /* Sources */ = {
			isa = PBXSourcesBuildPhase;
			buildActionMask = 2147483647;
			files = (
				2FF9A42B1E25E69C00F668ED /* CalculatorUITests.swift in Sources */,
			);
			runOnlyForDeploymentPostprocessing = 0;
		};
/* End PBXSourcesBuildPhase section */

/* Begin PBXTargetDependency section */
		2FF9A41D1E25E69C00F668ED /* PBXTargetDependency */ = {
			isa = PBXTargetDependency;
			target = 2FF9A4061E25E69C00F668ED /* Calculator */;
			targetProxy = 2FF9A41C1E25E69C00F668ED /* PBXContainerItemProxy */;
		};
		2FF9A4281E25E69C00F668ED /* PBXTargetDependency */ = {
			isa = PBXTargetDependency;
			target = 2FF9A4061E25E69C00F668ED /* Calculator */;
			targetProxy = 2FF9A4271E25E69C00F668ED /* PBXContainerItemProxy */;
		};
/* End PBXTargetDependency section */

/* Begin PBXVariantGroup section */
		2FF9A40E1E25E69C00F668ED /* Main.storyboard */ = {
			isa = PBXVariantGroup;
			children = (
				2FF9A40F1E25E69C00F668ED /* Base */,
			);
			name = Main.storyboard;
			sourceTree = "<group>";
		};
		2FF9A4131E25E69C00F668ED /* LaunchScreen.storyboard */ = {
			isa = PBXVariantGroup;
			children = (
				2FF9A4141E25E69C00F668ED /* Base */,
			);
			name = LaunchScreen.storyboard;
			sourceTree = "<group>";
		};
/* End PBXVariantGroup section */

/* Begin XCBuildConfiguration section */
		2FF9A42D1E25E69C00F668ED /* Debug */ = {
			isa = XCBuildConfiguration;
			buildSettings = {
				ALWAYS_SEARCH_USER_PATHS = NO;
				CLANG_CXX_LANGUAGE_STANDARD = "gnu++0x";
				CLANG_CXX_LIBRARY = "libc++";
				CLANG_ENABLE_MODULES = YES;
				CLANG_ENABLE_OBJC_ARC = YES;
				CLANG_WARN_BOOL_CONVERSION = YES;
				CLANG_WARN_CONSTANT_CONVERSION = YES;
				CLANG_WARN_DIRECT_OBJC_ISA_USAGE = YES_ERROR;
				CLANG_WARN_EMPTY_BODY = YES;
				CLANG_WARN_ENUM_CONVERSION = YES;
				CLANG_WARN_INT_CONVERSION = YES;
				CLANG_WARN_OBJC_ROOT_CLASS = YES_ERROR;
				CLANG_WARN_UNREACHABLE_CODE = YES;
				CLANG_WARN__DUPLICATE_METHOD_MATCH = YES;
				"CODE_SIGN_IDENTITY[sdk=iphoneos*]" = "iPhone Developer";
				COPY_PHASE_STRIP = NO;
				DEBUG_INFORMATION_FORMAT = dwarf;
				ENABLE_STRICT_OBJC_MSGSEND = YES;
				ENABLE_TESTABILITY = YES;
				GCC_C_LANGUAGE_STANDARD = gnu99;
				GCC_DYNAMIC_NO_PIC = NO;
				GCC_NO_COMMON_BLOCKS = YES;
				GCC_OPTIMIZATION_LEVEL = 0;
				GCC_PREPROCESSOR_DEFINITIONS = (
					"DEBUG=1",
					"$(inherited)",
				);
				GCC_WARN_64_TO_32_BIT_CONVERSION = YES;
				GCC_WARN_ABOUT_RETURN_TYPE = YES_ERROR;
				GCC_WARN_UNDECLARED_SELECTOR = YES;
				GCC_WARN_UNINITIALIZED_AUTOS = YES_AGGRESSIVE;
				GCC_WARN_UNUSED_FUNCTION = YES;
				GCC_WARN_UNUSED_VARIABLE = YES;
				IPHONEOS_DEPLOYMENT_TARGET = 9.1;
				MTL_ENABLE_DEBUG_INFO = YES;
				ONLY_ACTIVE_ARCH = YES;
				SDKROOT = iphoneos;
				SWIFT_OPTIMIZATION_LEVEL = "-Onone";
			};
			name = Debug;
		};
		2FF9A42E1E25E69C00F668ED /* Release */ = {
			isa = XCBuildConfiguration;
			buildSettings = {
				ALWAYS_SEARCH_USER_PATHS = NO;
				CLANG_CXX_LANGUAGE_STANDARD = "gnu++0x";
				CLANG_CXX_LIBRARY = "libc++";
				CLANG_ENABLE_MODULES = YES;
				CLANG_ENABLE_OBJC_ARC = YES;
				CLANG_WARN_BOOL_CONVERSION = YES;
				CLANG_WARN_CONSTANT_CONVERSION = YES;
				CLANG_WARN_DIRECT_OBJC_ISA_USAGE = YES_ERROR;
				CLANG_WARN_EMPTY_BODY = YES;
				CLANG_WARN_ENUM_CONVERSION = YES;
				CLANG_WARN_INT_CONVERSION = YES;
				CLANG_WARN_OBJC_ROOT_CLASS = YES_ERROR;
				CLANG_WARN_UNREACHABLE_CODE = YES;
				CLANG_WARN__DUPLICATE_METHOD_MATCH = YES;
				"CODE_SIGN_IDENTITY[sdk=iphoneos*]" = "iPhone Developer";
				COPY_PHASE_STRIP = NO;
				DEBUG_INFORMATION_FORMAT = "dwarf-with-dsym";
				ENABLE_NS_ASSERTIONS = NO;
				ENABLE_STRICT_OBJC_MSGSEND = YES;
				GCC_C_LANGUAGE_STANDARD = gnu99;
				GCC_NO_COMMON_BLOCKS = YES;
				GCC_WARN_64_TO_32_BIT_CONVERSION = YES;
				GCC_WARN_ABOUT_RETURN_TYPE = YES_ERROR;
				GCC_WARN_UNDECLARED_SELECTOR = YES;
				GCC_WARN_UNINITIALIZED_AUTOS = YES_AGGRESSIVE;
				GCC_WARN_UNUSED_FUNCTION = YES;
				GCC_WARN_UNUSED_VARIABLE = YES;
				IPHONEOS_DEPLOYMENT_TARGET = 9.1;
				MTL_ENABLE_DEBUG_INFO = NO;
				SDKROOT = iphoneos;
				VALIDATE_PRODUCT = YES;
			};
			name = Release;
		};
		2FF9A4301E25E69C00F668ED /* Debug */ = {
			isa = XCBuildConfiguration;
			buildSettings = {
				ASSETCATALOG_COMPILER_APPICON_NAME = AppIcon;
				INFOPLIST_FILE = Calculator/Info.plist;
				LD_RUNPATH_SEARCH_PATHS = "$(inherited) @executable_path/Frameworks";
				PRODUCT_BUNDLE_IDENTIFIER = tlrwgnr.Calculator;
				PRODUCT_NAME = "$(TARGET_NAME)";
			};
			name = Debug;
		};
		2FF9A4311E25E69C00F668ED /* Release */ = {
			isa = XCBuildConfiguration;
			buildSettings = {
				ASSETCATALOG_COMPILER_APPICON_NAME = AppIcon;
				INFOPLIST_FILE = Calculator/Info.plist;
				LD_RUNPATH_SEARCH_PATHS = "$(inherited) @executable_path/Frameworks";
				PRODUCT_BUNDLE_IDENTIFIER = tlrwgnr.Calculator;
				PRODUCT_NAME = "$(TARGET_NAME)";
			};
			name = Release;
		};
		2FF9A4331E25E69C00F668ED /* Debug */ = {
			isa = XCBuildConfiguration;
			buildSettings = {
				BUNDLE_LOADER = "$(TEST_HOST)";
				INFOPLIST_FILE = CalculatorTests/Info.plist;
				LD_RUNPATH_SEARCH_PATHS = "$(inherited) @executable_path/Frameworks @loader_path/Frameworks";
				PRODUCT_BUNDLE_IDENTIFIER = tlrwgnr.CalculatorTests;
				PRODUCT_NAME = "$(TARGET_NAME)";
				TEST_HOST = "$(BUILT_PRODUCTS_DIR)/Calculator.app/Calculator";
			};
			name = Debug;
		};
		2FF9A4341E25E69C00F668ED /* Release */ = {
			isa = XCBuildConfiguration;
			buildSettings = {
				BUNDLE_LOADER = "$(TEST_HOST)";
				INFOPLIST_FILE = CalculatorTests/Info.plist;
				LD_RUNPATH_SEARCH_PATHS = "$(inherited) @executable_path/Frameworks @loader_path/Frameworks";
				PRODUCT_BUNDLE_IDENTIFIER = tlrwgnr.CalculatorTests;
				PRODUCT_NAME = "$(TARGET_NAME)";
				TEST_HOST = "$(BUILT_PRODUCTS_DIR)/Calculator.app/Calculator";
			};
			name = Release;
		};
		2FF9A4361E25E69C00F668ED /* Debug */ = {
			isa = XCBuildConfiguration;
			buildSettings = {
				INFOPLIST_FILE = CalculatorUITests/Info.plist;
				LD_RUNPATH_SEARCH_PATHS = "$(inherited) @executable_path/Frameworks @loader_path/Frameworks";
				PRODUCT_BUNDLE_IDENTIFIER = tlrwgnr.CalculatorUITests;
				PRODUCT_NAME = "$(TARGET_NAME)";
				TEST_TARGET_NAME = Calculator;
				USES_XCTRUNNER = YES;
			};
			name = Debug;
		};
		2FF9A4371E25E69C00F668ED /* Release */ = {
			isa = XCBuildConfiguration;
			buildSettings = {
				INFOPLIST_FILE = CalculatorUITests/Info.plist;
				LD_RUNPATH_SEARCH_PATHS = "$(inherited) @executable_path/Frameworks @loader_path/Frameworks";
				PRODUCT_BUNDLE_IDENTIFIER = tlrwgnr.CalculatorUITests;
				PRODUCT_NAME = "$(TARGET_NAME)";
				TEST_TARGET_NAME = Calculator;
				USES_XCTRUNNER = YES;
			};
			name = Release;
		};
/* End XCBuildConfiguration section */

/* Begin XCConfigurationList section */
		2FF9A4021E25E69C00F668ED /* Build configuration list for PBXProject "Calculator" */ = {
			isa = XCConfigurationList;
			buildConfigurations = (
				2FF9A42D1E25E69C00F668ED /* Debug */,
				2FF9A42E1E25E69C00F668ED /* Release */,
			);
			defaultConfigurationIsVisible = 0;
			defaultConfigurationName = Release;
		};
		2FF9A42F1E25E69C00F668ED /* Build configuration list for PBXNativeTarget "Calculator" */ = {
			isa = XCConfigurationList;
			buildConfigurations = (
				2FF9A4301E25E69C00F668ED /* Debug */,
				2FF9A4311E25E69C00F668ED /* Release */,
			);
			defaultConfigurationIsVisible = 0;
		};
		2FF9A4321E25E69C00F668ED /* Build configuration list for PBXNativeTarget "CalculatorTests" */ = {
			isa = XCConfigurationList;
			buildConfigurations = (
				2FF9A4331E25E69C00F668ED /* Debug */,
				2FF9A4341E25E69C00F668ED /* Release */,
			);
			defaultConfigurationIsVisible = 0;
		};
		2FF9A4351E25E69C00F668ED /* Build configuration list for PBXNativeTarget "CalculatorUITests" */ = {
			isa = XCConfigurationList;
			buildConfigurations = (
				2FF9A4361E25E69C00F668ED /* Debug */,
				2FF9A4371E25E69C00F668ED /* Release */,
			);
			defaultConfigurationIsVisible = 0;
		};
/* End XCConfigurationList section */
	};
	rootObject = 2FF9A3FF1E25E69C00F668ED /* Project object */;
}
